
Microsoft Visual Studio Solution File, Format Version 12.00
# Visual Studio 2012
Project("{FAE04EC0-301F-11D3-BF4B-00C04F79EFBC}") = "WindowsFormsApplication4", "WindowsFormsApplication4\WindowsFormsApplication4.csproj", "{C55309EC-DC37-40FD-86DF-60C65F40E17D}"
EndProject
Global
	GlobalSection(SolutionConfigurationPlatforms) = preSolution
		Debug|Any CPU = Debug|Any CPU
		Release|Any CPU = Release|Any CPU
	EndGlobalSection
	GlobalSection(ProjectConfigurationPlatforms) = postSolution
		{C55309EC-DC37-40FD-86DF-60C65F40E17D}.Debug|Any CPU.ActiveCfg = Debug|Any CPU
		{C55309EC-DC37-40FD-86DF-60C65F40E17D}.Debug|Any CPU.Build.0 = Debug|Any CPU
		{C55309EC-DC37-40FD-86DF-60C65F40E17D}.Release|Any CPU.ActiveCfg = Release|Any CPU
		{C55309EC-DC37-40FD-86DF-60C65F40E17D}.Release|Any CPU.Build.0 = Release|Any CPU
	EndGlobalSection
	GlobalSection(SolutionProperties) = preSolution
		HideSolutionNode = FALSE
	EndGlobalSection
EndGlobal
